
Microsoft Visual Studio Solution File, Format Version 12.00
# Visual Studio 15
VisualStudioVersion = 15.0.26730.10
MinimumVisualStudioVersion = 10.0.40219.1
Project("{F184B08F-C81C-45F6-A57F-5ABD9991F28F}") = "K.Booking", "K.Booking\K.Booking.vbproj", "{AE28D184-22A0-4A3D-A37A-756C187425CD}"
EndProject
Project("{F184B08F-C81C-45F6-A57F-5ABD9991F28F}") = "K.Booking.Elements", "K.Booking.Elements\K.Booking.Elements.vbproj", "{82A9A919-7AB9-4F73-A4DA-C2FA7A539A67}"
EndProject
Project("{FAE04EC0-301F-11D3-BF4B-00C04F79EFBC}") = "K.Booking.Data", "K.Booking.Data\K.Booking.Data.csproj", "{149699BE-226F-4E19-ACD7-9D711B0B74D3}"
EndProject
Project("{FAE04EC0-301F-11D3-BF4B-00C04F79EFBC}") = "K.Booking.DAL", "K.Booking.DAL\K.Booking.DAL.csproj", "{96C93198-DE91-4932-AA6C-9237EDA4BA6C}"
EndProject
Global
	GlobalSection(SolutionConfigurationPlatforms) = preSolution
		Debug|Any CPU = Debug|Any CPU
		Debug|x64 = Debug|x64
		Debug|x86 = Debug|x86
		Release|Any CPU = Release|Any CPU
		Release|x64 = Release|x64
		Release|x86 = Release|x86
	EndGlobalSection
	GlobalSection(ProjectConfigurationPlatforms) = postSolution
		{AE28D184-22A0-4A3D-A37A-756C187425CD}.Debug|Any CPU.ActiveCfg = Debug|Any CPU
		{AE28D184-22A0-4A3D-A37A-756C187425CD}.Debug|Any CPU.Build.0 = Debug|Any CPU
		{AE28D184-22A0-4A3D-A37A-756C187425CD}.Debug|x64.ActiveCfg = Debug|Any CPU
		{AE28D184-22A0-4A3D-A37A-756C187425CD}.Debug|x64.Build.0 = Debug|Any CPU
		{AE28D184-22A0-4A3D-A37A-756C187425CD}.Debug|x86.ActiveCfg = Debug|Any CPU
		{AE28D184-22A0-4A3D-A37A-756C187425CD}.Debug|x86.Build.0 = Debug|Any CPU
		{AE28D184-22A0-4A3D-A37A-756C187425CD}.Release|Any CPU.ActiveCfg = Release|Any CPU
		{AE28D184-22A0-4A3D-A37A-756C187425CD}.Release|Any CPU.Build.0 = Release|Any CPU
		{AE28D184-22A0-4A3D-A37A-756C187425CD}.Release|x64.ActiveCfg = Release|Any CPU
		{AE28D184-22A0-4A3D-A37A-756C187425CD}.Release|x64.Build.0 = Release|Any CPU
		{AE28D184-22A0-4A3D-A37A-756C187425CD}.Release|x86.ActiveCfg = Release|Any CPU
		{AE28D184-22A0-4A3D-A37A-756C187425CD}.Release|x86.Build.0 = Release|Any CPU
		{82A9A919-7AB9-4F73-A4DA-C2FA7A539A67}.Debug|Any CPU.ActiveCfg = Debug|Any CPU
		{82A9A919-7AB9-4F73-A4DA-C2FA7A539A67}.Debug|Any CPU.Build.0 = Debug|Any CPU
		{82A9A919-7AB9-4F73-A4DA-C2FA7A539A67}.Debug|x64.ActiveCfg = Debug|Any CPU
		{82A9A919-7AB9-4F73-A4DA-C2FA7A539A67}.Debug|x64.Build.0 = Debug|Any CPU
		{82A9A919-7AB9-4F73-A4DA-C2FA7A539A67}.Debug|x86.ActiveCfg = Debug|Any CPU
		{82A9A919-7AB9-4F73-A4DA-C2FA7A539A67}.Debug|x86.Build.0 = Debug|Any CPU
		{82A9A919-7AB9-4F73-A4DA-C2FA7A539A67}.Release|Any CPU.ActiveCfg = Release|Any CPU
		{82A9A919-7AB9-4F73-A4DA-C2FA7A539A67}.Release|Any CPU.Build.0 = Release|Any CPU
		{82A9A919-7AB9-4F73-A4DA-C2FA7A539A67}.Release|x64.ActiveCfg = Release|Any CPU
		{82A9A919-7AB9-4F73-A4DA-C2FA7A539A67}.Release|x64.Build.0 = Release|Any CPU
		{82A9A919-7AB9-4F73-A4DA-C2FA7A539A67}.Release|x86.ActiveCfg = Release|Any CPU
		{82A9A919-7AB9-4F73-A4DA-C2FA7A539A67}.Release|x86.Build.0 = Release|Any CPU
		{149699BE-226F-4E19-ACD7-9D711B0B74D3}.Debug|Any CPU.ActiveCfg = Debug|Any CPU
		{149699BE-226F-4E19-ACD7-9D711B0B74D3}.Debug|Any CPU.Build.0 = Debug|Any CPU
		{149699BE-226F-4E19-ACD7-9D711B0B74D3}.Debug|x64.ActiveCfg = Debug|Any CPU
		{149699BE-226F-4E19-ACD7-9D711B0B74D3}.Debug|x64.Build.0 = Debug|Any CPU
		{149699BE-226F-4E19-ACD7-9D711B0B74D3}.Debug|x86.ActiveCfg = Debug|Any CPU
		{149699BE-226F-4E19-ACD7-9D711B0B74D3}.Debug|x86.Build.0 = Debug|Any CPU
		{149699BE-226F-4E19-ACD7-9D711B0B74D3}.Release|Any CPU.ActiveCfg = Release|Any CPU
		{149699BE-226F-4E19-ACD7-9D711B0B74D3}.Release|Any CPU.Build.0 = Release|Any CPU
		{149699BE-226F-4E19-ACD7-9D711B0B74D3}.Release|x64.ActiveCfg = Release|Any CPU
		{149699BE-226F-4E19-ACD7-9D711B0B74D3}.Release|x64.Build.0 = Release|Any CPU
		{149699BE-226F-4E19-ACD7-9D711B0B74D3}.Release|x86.ActiveCfg = Release|Any CPU
		{149699BE-226F-4E19-ACD7-9D711B0B74D3}.Release|x86.Build.0 = Release|Any CPU
		{96C93198-DE91-4932-AA6C-9237EDA4BA6C}.Debug|Any CPU.ActiveCfg = Debug|Any CPU
		{96C93198-DE91-4932-AA6C-9237EDA4BA6C}.Debug|Any CPU.Build.0 = Debug|Any CPU
		{96C93198-DE91-4932-AA6C-9237EDA4BA6C}.Debug|x64.ActiveCfg = Debug|Any CPU
		{96C93198-DE91-4932-AA6C-9237EDA4BA6C}.Debug|x64.Build.0 = Debug|Any CPU
		{96C93198-DE91-4932-AA6C-9237EDA4BA6C}.Debug|x86.ActiveCfg = Debug|Any CPU
		{96C93198-DE91-4932-AA6C-9237EDA4BA6C}.Debug|x86.Build.0 = Debug|Any CPU
		{96C93198-DE91-4932-AA6C-9237EDA4BA6C}.Release|Any CPU.ActiveCfg = Release|Any CPU
		{96C93198-DE91-4932-AA6C-9237EDA4BA6C}.Release|Any CPU.Build.0 = Release|Any CPU
		{96C93198-DE91-4932-AA6C-9237EDA4BA6C}.Release|x64.ActiveCfg = Release|Any CPU
		{96C93198-DE91-4932-AA6C-9237EDA4BA6C}.Release|x64.Build.0 = Release|Any CPU
		{96C93198-DE91-4932-AA6C-9237EDA4BA6C}.Release|x86.ActiveCfg = Release|Any CPU
		{96C93198-DE91-4932-AA6C-9237EDA4BA6C}.Release|x86.Build.0 = Release|Any CPU
	EndGlobalSection
	GlobalSection(SolutionProperties) = preSolution
		HideSolutionNode = FALSE
	EndGlobalSection
	GlobalSection(ExtensibilityGlobals) = postSolution
		SolutionGuid = {8CC18A6F-86ED-4205-86B5-4E8697E06AB7}
	EndGlobalSection
EndGlobal
